{
  "name": "engines",
  "version": "1.0.0",
  "lockfileVersion": 3,
  "requires": true,
  "packages": {
    "": {
      "name": "engines",
      "version": "1.0.0",
      "license": "ISC",
      "dependencies": {
        "lunar-javascript": "^1.7.5"
      }
    },
    "node_modules/lunar-javascript": {
      "version": "1.7.5",
      "resolved": "https://registry.npmjs.org/lunar-javascript/-/lunar-javascript-1.7.5.tgz",
      "integrity": "sha512-3waPBiu0Zw3Uv0qtQQA0lW/dLdzSKg/6aM5FdtNrUFGsv49WxxDllCO91iB/z6xhZCKb5F14vKGiH7xE0DJRcg==",
      "license": "MIT"
    }
  }
}
